
Microsoft Visual Studio Solution File, Format Version 12.00
# Visual Studio Version 16
VisualStudioVersion = 16.0.31313.79
MinimumVisualStudioVersion = 10.0.40219.1
Project("{FAE04EC0-301F-11D3-BF4B-00C04F79EFBC}") = "CaesarCipher", "CaesarCipher\CaesarCipher.csproj", "{27949C51-13D5-446A-BAF3-9D40E59369F6}"
EndProject
Global
	GlobalSection(SolutionConfigurationPlatforms) = preSolution
		Debug|Any CPU = Debug|Any CPU
		Release|Any CPU = Release|Any CPU
	EndGlobalSection
	GlobalSection(ProjectConfigurationPlatforms) = postSolution
		{27949C51-13D5-446A-BAF3-9D40E59369F6}.Debug|Any CPU.ActiveCfg = Debug|Any CPU
		{27949C51-13D5-446A-BAF3-9D40E59369F6}.Debug|Any CPU.Build.0 = Debug|Any CPU
		{27949C51-13D5-446A-BAF3-9D40E59369F6}.Release|Any CPU.ActiveCfg = Release|Any CPU
		{27949C51-13D5-446A-BAF3-9D40E59369F6}.Release|Any CPU.Build.0 = Release|Any CPU
	EndGlobalSection
	GlobalSection(SolutionProperties) = preSolution
		HideSolutionNode = FALSE
	EndGlobalSection
	GlobalSection(ExtensibilityGlobals) = postSolution
		SolutionGuid = {F98237A5-547F-4799-9B05-F3AD0AEAA107}
	EndGlobalSection
EndGlobal
